
Microsoft Visual Studio Solution File, Format Version 12.00
# Visual Studio Version 17
VisualStudioVersion = 17.11.35219.272
MinimumVisualStudioVersion = 10.0.40219.1
Project("{FAE04EC0-301F-11D3-BF4B-00C04F79EFBC}") = "Uppgift 2.1", "Uppgift 2.1\Uppgift 2.1.csproj", "{FDBD2B4A-6FE8-41DE-8D06-9620C1BDF45C}"
EndProject
Global
	GlobalSection(SolutionConfigurationPlatforms) = preSolution
		Debug|Any CPU = Debug|Any CPU
		Release|Any CPU = Release|Any CPU
	EndGlobalSection
	GlobalSection(ProjectConfigurationPlatforms) = postSolution
		{FDBD2B4A-6FE8-41DE-8D06-9620C1BDF45C}.Debug|Any CPU.ActiveCfg = Debug|Any CPU
		{FDBD2B4A-6FE8-41DE-8D06-9620C1BDF45C}.Debug|Any CPU.Build.0 = Debug|Any CPU
		{FDBD2B4A-6FE8-41DE-8D06-9620C1BDF45C}.Release|Any CPU.ActiveCfg = Release|Any CPU
		{FDBD2B4A-6FE8-41DE-8D06-9620C1BDF45C}.Release|Any CPU.Build.0 = Release|Any CPU
	EndGlobalSection
	GlobalSection(SolutionProperties) = preSolution
		HideSolutionNode = FALSE
	EndGlobalSection
	GlobalSection(ExtensibilityGlobals) = postSolution
		SolutionGuid = {F620BC29-FFAB-4DCF-B22F-64C4B815C349}
	EndGlobalSection
EndGlobal
